
Microsoft Visual Studio Solution File, Format Version 12.00
# Visual Studio Version 17
VisualStudioVersion = 17.5.002.0
MinimumVisualStudioVersion = 10.0.40219.1
Project("{9A19103F-16F7-4668-BE54-9A1E7A4F7556}") = "BlazorFullstackCRUD.Client", "Client\BlazorFullstackCRUD.Client.csproj", "{293DFC16-9B37-4003-8BD8-CC4046BEB073}"
EndProject
Project("{9A19103F-16F7-4668-BE54-9A1E7A4F7556}") = "BlazorFullstackCRUD.Server", "Server\BlazorFullstackCRUD.Server.csproj", "{8D268C4A-99CC-4A9B-89AB-34B826CA9099}"
EndProject
Project("{9A19103F-16F7-4668-BE54-9A1E7A4F7556}") = "BlazorFullstackCRUD.Shared", "Shared\BlazorFullstackCRUD.Shared.csproj", "{E5FAE392-4992-43FE-BEEA-01DE709EAFBD}"
EndProject
Global
	GlobalSection(SolutionConfigurationPlatforms) = preSolution
		Debug|Any CPU = Debug|Any CPU
		Release|Any CPU = Release|Any CPU
	EndGlobalSection
	GlobalSection(ProjectConfigurationPlatforms) = postSolution
		{293DFC16-9B37-4003-8BD8-CC4046BEB073}.Debug|Any CPU.ActiveCfg = Debug|Any CPU
		{293DFC16-9B37-4003-8BD8-CC4046BEB073}.Debug|Any CPU.Build.0 = Debug|Any CPU
		{293DFC16-9B37-4003-8BD8-CC4046BEB073}.Release|Any CPU.ActiveCfg = Release|Any CPU
		{293DFC16-9B37-4003-8BD8-CC4046BEB073}.Release|Any CPU.Build.0 = Release|Any CPU
		{8D268C4A-99CC-4A9B-89AB-34B826CA9099}.Debug|Any CPU.ActiveCfg = Debug|Any CPU
		{8D268C4A-99CC-4A9B-89AB-34B826CA9099}.Debug|Any CPU.Build.0 = Debug|Any CPU
		{8D268C4A-99CC-4A9B-89AB-34B826CA9099}.Release|Any CPU.ActiveCfg = Release|Any CPU
		{8D268C4A-99CC-4A9B-89AB-34B826CA9099}.Release|Any CPU.Build.0 = Release|Any CPU
		{E5FAE392-4992-43FE-BEEA-01DE709EAFBD}.Debug|Any CPU.ActiveCfg = Debug|Any CPU
		{E5FAE392-4992-43FE-BEEA-01DE709EAFBD}.Debug|Any CPU.Build.0 = Debug|Any CPU
		{E5FAE392-4992-43FE-BEEA-01DE709EAFBD}.Release|Any CPU.ActiveCfg = Release|Any CPU
		{E5FAE392-4992-43FE-BEEA-01DE709EAFBD}.Release|Any CPU.Build.0 = Release|Any CPU
	EndGlobalSection
	GlobalSection(SolutionProperties) = preSolution
		HideSolutionNode = FALSE
	EndGlobalSection
	GlobalSection(ExtensibilityGlobals) = postSolution
		SolutionGuid = {47FC386D-B6E0-4D78-AC77-8755F8A80CEC}
	EndGlobalSection
EndGlobal
